
Microsoft Visual Studio Solution File, Format Version 12.00
# Visual Studio Version 17
VisualStudioVersion = 17.0.31919.166
MinimumVisualStudioVersion = 10.0.40219.1
Project("{FAE04EC0-301F-11D3-BF4B-00C04F79EFBC}") = "Examen U1 prueba", "Examen U1 prueba\Examen U1 prueba.csproj", "{FD7DE1E8-D5B0-4CB6-81FE-6FC66C070449}"
EndProject
Global
	GlobalSection(SolutionConfigurationPlatforms) = preSolution
		Debug|Any CPU = Debug|Any CPU
		Release|Any CPU = Release|Any CPU
	EndGlobalSection
	GlobalSection(ProjectConfigurationPlatforms) = postSolution
		{FD7DE1E8-D5B0-4CB6-81FE-6FC66C070449}.Debug|Any CPU.ActiveCfg = Debug|Any CPU
		{FD7DE1E8-D5B0-4CB6-81FE-6FC66C070449}.Debug|Any CPU.Build.0 = Debug|Any CPU
		{FD7DE1E8-D5B0-4CB6-81FE-6FC66C070449}.Release|Any CPU.ActiveCfg = Release|Any CPU
		{FD7DE1E8-D5B0-4CB6-81FE-6FC66C070449}.Release|Any CPU.Build.0 = Release|Any CPU
	EndGlobalSection
	GlobalSection(SolutionProperties) = preSolution
		HideSolutionNode = FALSE
	EndGlobalSection
	GlobalSection(ExtensibilityGlobals) = postSolution
		SolutionGuid = {0733ED52-D911-4DB6-BCCD-D195344C582D}
	EndGlobalSection
EndGlobal
